
Microsoft Visual Studio Solution File, Format Version 12.00
# Visual Studio Version 16
VisualStudioVersion = 16.0.30104.148
MinimumVisualStudioVersion = 10.0.40219.1
Project("{F184B08F-C81C-45F6-A57F-5ABD9991F28F}") = "Tienda", "Tienda\Tienda.vbproj", "{44DA8145-BD28-48FE-85D4-00C809F26A44}"
EndProject
Global
	GlobalSection(SolutionConfigurationPlatforms) = preSolution
		Debug|Any CPU = Debug|Any CPU
		Release|Any CPU = Release|Any CPU
	EndGlobalSection
	GlobalSection(ProjectConfigurationPlatforms) = postSolution
		{44DA8145-BD28-48FE-85D4-00C809F26A44}.Debug|Any CPU.ActiveCfg = Debug|Any CPU
		{44DA8145-BD28-48FE-85D4-00C809F26A44}.Debug|Any CPU.Build.0 = Debug|Any CPU
		{44DA8145-BD28-48FE-85D4-00C809F26A44}.Release|Any CPU.ActiveCfg = Release|Any CPU
		{44DA8145-BD28-48FE-85D4-00C809F26A44}.Release|Any CPU.Build.0 = Release|Any CPU
	EndGlobalSection
	GlobalSection(SolutionProperties) = preSolution
		HideSolutionNode = FALSE
	EndGlobalSection
	GlobalSection(ExtensibilityGlobals) = postSolution
		SolutionGuid = {0722A6A2-DE7B-4731-9986-E2A2538CD1AC}
	EndGlobalSection
EndGlobal
